{
  "name": "rollup-starter",
  "version": "1.0.0",
  "lockfileVersion": 1,
  "requires": true,
  "dependencies": {
    "fsevents": {
      "version": "2.3.2",
      "resolved": "http://npm.idcvdian.com/fsevents/download/fsevents-2.3.2.tgz",
      "integrity": "sha1-ilJveLj99GI7cJ4Ll1xSwkwC/Ro=",
      "dev": true,
      "optional": true
    },
    "rollup": {
      "version": "2.60.0",
      "resolved": "http://npm.idcvdian.com/rollup/download/rollup-2.60.0.tgz",
      "integrity": "sha1-TuYKt73QNWdj+H1wmfQT5UYPwZM=",
      "dev": true,
      "requires": {
        "fsevents": "~2.3.2"
      }
    }
  }
}
