{
  "name": "rollup-starter",
  "version": "1.0.0",
  "lockfileVersion": 1,
  "requires": true,
  "dependencies": {
    "@nodelib/fs.scandir": {
      "version": "2.1.5",
      "resolved": "http://npm.idcvdian.com/@nodelib/fs.scandir/download/@nodelib/fs.scandir-2.1.5.tgz",
      "integrity": "sha1-dhnC6yGyVIP20WdUi0z9WnSIw9U=",
      "dev": true,
      "requires": {
        "@nodelib/fs.stat": "2.0.5",
        "run-parallel": "^1.1.9"
      }
    },
    "@nodelib/fs.stat": {
      "version": "2.0.5",
      "resolved": "http://npm.idcvdian.com/@nodelib/fs.stat/download/@nodelib/fs.stat-2.0.5.tgz",
      "integrity": "sha1-W9Jir5Tp0lvR5xsF3u1Eh2oiLos=",
      "dev": true
    },
    "@nodelib/fs.walk": {
      "version": "1.2.8",
      "resolved": "http://npm.idcvdian.com/@nodelib/fs.walk/download/@nodelib/fs.walk-1.2.8.tgz",
      "integrity": "sha1-6Vc36LtnRt3t9pxVaVNJTxlv5po=",
      "dev": true,
      "requires": {
        "@nodelib/fs.scandir": "2.1.5",
        "fastq": "^1.6.0"
      }
    },
    "@rollup/pluginutils": {
      "version": "3.1.0",
      "resolved": "http://npm.idcvdian.com/@rollup/pluginutils/download/@rollup/pluginutils-3.1.0.tgz",
      "integrity": "sha1-cGtFJO5tyLEDs8mVUz5a1oDAK5s=",
      "dev": true,
      "requires": {
        "@types/estree": "0.0.39",
        "estree-walker": "^1.0.1",
        "picomatch": "^2.2.2"
      },
      "dependencies": {
        "estree-walker": {
          "version": "1.0.1",
          "resolved": "http://npm.idcvdian.com/estree-walker/download/estree-walker-1.0.1.tgz",
          "integrity": "sha1-MbxdYSyWtwQQa0d+bdXYqhOMtwA=",
          "dev": true
        }
      }
    },
    "@types/estree": {
      "version": "0.0.39",
      "resolved": "http://npm.idcvdian.com/@types/estree/download/@types/estree-0.0.39.tgz",
      "integrity": "sha1-4Xfmme4bjCLSMXTKqnQiZEOJUJ8=",
      "dev": true
    },
    "@types/json-schema": {
      "version": "7.0.9",
      "resolved": "http://npm.idcvdian.com/@types/json-schema/download/@types/json-schema-7.0.9.tgz",
      "integrity": "sha1-l+3JA36gw4WFMgsolk3eOznkZg0=",
      "dev": true
    },
    "@typescript-eslint/eslint-plugin": {
      "version": "5.4.0",
      "resolved": "http://npm.idcvdian.com/@typescript-eslint/eslint-plugin/download/@typescript-eslint/eslint-plugin-5.4.0.tgz",
      "integrity": "sha1-BecRoue2g0JmH95hvMvRUxwZUho=",
      "dev": true,
      "requires": {
        "@typescript-eslint/experimental-utils": "5.4.0",
        "@typescript-eslint/scope-manager": "5.4.0",
        "debug": "^4.3.2",
        "functional-red-black-tree": "^1.0.1",
        "ignore": "^5.1.8",
        "regexpp": "^3.2.0",
        "semver": "^7.3.5",
        "tsutils": "^3.21.0"
      }
    },
    "@typescript-eslint/experimental-utils": {
      "version": "5.4.0",
      "resolved": "http://npm.idcvdian.com/@typescript-eslint/experimental-utils/download/@typescript-eslint/experimental-utils-5.4.0.tgz",
      "integrity": "sha1-I4p0GNLaOySHS6NTheshzGHSpl4=",
      "dev": true,
      "requires": {
        "@types/json-schema": "^7.0.9",
        "@typescript-eslint/scope-manager": "5.4.0",
        "@typescript-eslint/types": "5.4.0",
        "@typescript-eslint/typescript-estree": "5.4.0",
        "eslint-scope": "^5.1.1",
        "eslint-utils": "^3.0.0"
      }
    },
    "@typescript-eslint/parser": {
      "version": "5.4.0",
      "resolved": "http://npm.idcvdian.com/@typescript-eslint/parser/download/@typescript-eslint/parser-5.4.0.tgz",
      "integrity": "sha1-Oqg840nWbjm4QVH21UZJKARMqeM=",
      "dev": true,
      "requires": {
        "@typescript-eslint/scope-manager": "5.4.0",
        "@typescript-eslint/types": "5.4.0",
        "@typescript-eslint/typescript-estree": "5.4.0",
        "debug": "^4.3.2"
      }
    },
    "@typescript-eslint/scope-manager": {
      "version": "5.4.0",
      "resolved": "http://npm.idcvdian.com/@typescript-eslint/scope-manager/download/@typescript-eslint/scope-manager-5.4.0.tgz",
      "integrity": "sha1-qqsIQV9KnPMrhwx3UK6LpGBxJqE=",
      "dev": true,
      "requires": {
        "@typescript-eslint/types": "5.4.0",
        "@typescript-eslint/visitor-keys": "5.4.0"
      }
    },
    "@typescript-eslint/types": {
      "version": "5.4.0",
      "resolved": "http://npm.idcvdian.com/@typescript-eslint/types/download/@typescript-eslint/types-5.4.0.tgz",
      "integrity": "sha1-scEw9LOBt3vsGWlsbjNm+Xgc6PI=",
      "dev": true
    },
    "@typescript-eslint/typescript-estree": {
      "version": "5.4.0",
      "resolved": "http://npm.idcvdian.com/@typescript-eslint/typescript-estree/download/@typescript-eslint/typescript-estree-5.4.0.tgz",
      "integrity": "sha1-/lJPswiXPGjr63Qo87ZEmaa6X8A=",
      "dev": true,
      "requires": {
        "@typescript-eslint/types": "5.4.0",
        "@typescript-eslint/visitor-keys": "5.4.0",
        "debug": "^4.3.2",
        "globby": "^11.0.4",
        "is-glob": "^4.0.3",
        "semver": "^7.3.5",
        "tsutils": "^3.21.0"
      }
    },
    "@typescript-eslint/visitor-keys": {
      "version": "5.4.0",
      "resolved": "http://npm.idcvdian.com/@typescript-eslint/visitor-keys/download/@typescript-eslint/visitor-keys-5.4.0.tgz",
      "integrity": "sha1-Cbwo79NiHykv6IyG7vO/SJM2TIw=",
      "dev": true,
      "requires": {
        "@typescript-eslint/types": "5.4.0",
        "eslint-visitor-keys": "^3.0.0"
      }
    },
    "acorn": {
      "version": "8.5.0",
      "resolved": "http://npm.idcvdian.com/acorn/download/acorn-8.5.0.tgz",
      "integrity": "sha1-RRLMuZs2mMdSWR6btEcuOK1DzuI=",
      "dev": true
    },
    "acorn-jsx": {
      "version": "5.3.2",
      "resolved": "http://npm.idcvdian.com/acorn-jsx/download/acorn-jsx-5.3.2.tgz",
      "integrity": "sha1-ftW7VZCLOy8bxVxq8WU7rafweTc=",
      "dev": true
    },
    "array-union": {
      "version": "2.1.0",
      "resolved": "http://npm.idcvdian.com/array-union/download/array-union-2.1.0.tgz",
      "integrity": "sha1-t5hCCtvrHego2ErNii4j0+/oXo0=",
      "dev": true
    },
    "atob": {
      "version": "2.1.2",
      "resolved": "http://npm.idcvdian.com/atob/download/atob-2.1.2.tgz",
      "integrity": "sha1-bZUX654DDSQ2ZmZR6GvZ9vE1M8k=",
      "dev": true
    },
    "braces": {
      "version": "3.0.2",
      "resolved": "http://npm.idcvdian.com/braces/download/braces-3.0.2.tgz",
      "integrity": "sha1-NFThpGLujVmeI23zNs2epPiv4Qc=",
      "dev": true,
      "requires": {
        "fill-range": "^7.0.1"
      }
    },
    "debug": {
      "version": "4.3.2",
      "resolved": "http://npm.idcvdian.com/debug/download/debug-4.3.2.tgz",
      "integrity": "sha1-8KScGKyHeeMdSgxgKd+3aHPHQos=",
      "dev": true,
      "requires": {
        "ms": "2.1.2"
      }
    },
    "decode-uri-component": {
      "version": "0.2.0",
      "resolved": "http://npm.idcvdian.com/decode-uri-component/download/decode-uri-component-0.2.0.tgz",
      "integrity": "sha1-6zkTMzRYd1y4TNGh+uBiEGu4dUU=",
      "dev": true
    },
    "dir-glob": {
      "version": "3.0.1",
      "resolved": "http://npm.idcvdian.com/dir-glob/download/dir-glob-3.0.1.tgz",
      "integrity": "sha1-Vtv3PZkqSpO6FYT0U0Bj/S5BcX8=",
      "dev": true,
      "requires": {
        "path-type": "^4.0.0"
      }
    },
    "eslint-plugin-vue": {
      "version": "8.0.3",
      "resolved": "http://npm.idcvdian.com/eslint-plugin-vue/download/eslint-plugin-vue-8.0.3.tgz",
      "integrity": "sha1-eRzEVDlAMZ5hLqYaHXeejIfPdJo=",
      "dev": true,
      "requires": {
        "eslint-utils": "^3.0.0",
        "natural-compare": "^1.4.0",
        "semver": "^7.3.5",
        "vue-eslint-parser": "^8.0.1"
      }
    },
    "eslint-scope": {
      "version": "5.1.1",
      "resolved": "http://npm.idcvdian.com/eslint-scope/download/eslint-scope-5.1.1.tgz",
      "integrity": "sha1-54blmmbLkrP2wfsNUIqrF0hI9Iw=",
      "dev": true,
      "requires": {
        "esrecurse": "^4.3.0",
        "estraverse": "^4.1.1"
      }
    },
    "eslint-utils": {
      "version": "3.0.0",
      "resolved": "http://npm.idcvdian.com/eslint-utils/download/eslint-utils-3.0.0.tgz",
      "integrity": "sha1-iuuvrOc0W7M1WdsKHxOh0tSMNnI=",
      "dev": true,
      "requires": {
        "eslint-visitor-keys": "^2.0.0"
      },
      "dependencies": {
        "eslint-visitor-keys": {
          "version": "2.1.0",
          "resolved": "http://npm.idcvdian.com/eslint-visitor-keys/download/eslint-visitor-keys-2.1.0.tgz",
          "integrity": "sha1-9lMoJZMFknOSyTjtROsKXJsr0wM=",
          "dev": true
        }
      }
    },
    "eslint-visitor-keys": {
      "version": "3.1.0",
      "resolved": "http://npm.idcvdian.com/eslint-visitor-keys/download/eslint-visitor-keys-3.1.0.tgz",
      "integrity": "sha1-7uSs6okYFM2men2IEtlkfdAXmvI=",
      "dev": true
    },
    "espree": {
      "version": "9.0.0",
      "resolved": "http://npm.idcvdian.com/espree/download/espree-9.0.0.tgz",
      "integrity": "sha1-6QopZWmCKFAudxx6WEibGp0QcJA=",
      "dev": true,
      "requires": {
        "acorn": "^8.5.0",
        "acorn-jsx": "^5.3.1",
        "eslint-visitor-keys": "^3.0.0"
      }
    },
    "esquery": {
      "version": "1.4.0",
      "resolved": "http://npm.idcvdian.com/esquery/download/esquery-1.4.0.tgz",
      "integrity": "sha1-IUj/w4uC6McFff7UhCWz5h8PJKU=",
      "dev": true,
      "requires": {
        "estraverse": "^5.1.0"
      },
      "dependencies": {
        "estraverse": {
          "version": "5.3.0",
          "resolved": "http://npm.idcvdian.com/estraverse/download/estraverse-5.3.0.tgz",
          "integrity": "sha1-LupSkHAvJquP5TcDcP+GyWXSESM=",
          "dev": true
        }
      }
    },
    "esrecurse": {
      "version": "4.3.0",
      "resolved": "http://npm.idcvdian.com/esrecurse/download/esrecurse-4.3.0.tgz",
      "integrity": "sha1-eteWTWeauyi+5yzsY3WLHF0smSE=",
      "dev": true,
      "requires": {
        "estraverse": "^5.2.0"
      },
      "dependencies": {
        "estraverse": {
          "version": "5.3.0",
          "resolved": "http://npm.idcvdian.com/estraverse/download/estraverse-5.3.0.tgz",
          "integrity": "sha1-LupSkHAvJquP5TcDcP+GyWXSESM=",
          "dev": true
        }
      }
    },
    "estraverse": {
      "version": "4.3.0",
      "resolved": "http://npm.idcvdian.com/estraverse/download/estraverse-4.3.0.tgz",
      "integrity": "sha1-OYrT88WiSUi+dyXoPRGn3ijNvR0=",
      "dev": true
    },
    "estree-walker": {
      "version": "0.6.1",
      "resolved": "http://npm.idcvdian.com/estree-walker/download/estree-walker-0.6.1.tgz",
      "integrity": "sha1-UwSRQ/QMbrkYsjZx0f4yGfOhs2I=",
      "dev": true
    },
    "fast-glob": {
      "version": "3.2.7",
      "resolved": "http://npm.idcvdian.com/fast-glob/download/fast-glob-3.2.7.tgz",
      "integrity": "sha1-/Wy3otfpqnp4RhEehaGW1rL3ZqE=",
      "dev": true,
      "requires": {
        "@nodelib/fs.stat": "^2.0.2",
        "@nodelib/fs.walk": "^1.2.3",
        "glob-parent": "^5.1.2",
        "merge2": "^1.3.0",
        "micromatch": "^4.0.4"
      }
    },
    "fastq": {
      "version": "1.13.0",
      "resolved": "http://npm.idcvdian.com/fastq/download/fastq-1.13.0.tgz",
      "integrity": "sha1-YWdg+Ip1Jr38WWt8q4wYk4w2uYw=",
      "dev": true,
      "requires": {
        "reusify": "^1.0.4"
      }
    },
    "fill-range": {
      "version": "7.0.1",
      "resolved": "http://npm.idcvdian.com/fill-range/download/fill-range-7.0.1.tgz",
      "integrity": "sha1-GRmmp8df44ssfHflGYU12prN2kA=",
      "dev": true,
      "requires": {
        "to-regex-range": "^5.0.1"
      }
    },
    "fsevents": {
      "version": "2.3.2",
      "resolved": "http://npm.idcvdian.com/fsevents/download/fsevents-2.3.2.tgz",
      "integrity": "sha1-ilJveLj99GI7cJ4Ll1xSwkwC/Ro=",
      "dev": true,
      "optional": true
    },
    "function-bind": {
      "version": "1.1.1",
      "resolved": "http://npm.idcvdian.com/function-bind/download/function-bind-1.1.1.tgz",
      "integrity": "sha1-pWiZ0+o8m6uHS7l3O3xe3pL0iV0=",
      "dev": true
    },
    "functional-red-black-tree": {
      "version": "1.0.1",
      "resolved": "http://npm.idcvdian.com/functional-red-black-tree/download/functional-red-black-tree-1.0.1.tgz",
      "integrity": "sha1-GwqzvVU7Kg1jmdKcDj6gslIHgyc=",
      "dev": true
    },
    "glob-parent": {
      "version": "5.1.2",
      "resolved": "http://npm.idcvdian.com/glob-parent/download/glob-parent-5.1.2.tgz",
      "integrity": "sha1-hpgyxYA0/mikCTwX3BXoNA2EAcQ=",
      "dev": true,
      "requires": {
        "is-glob": "^4.0.1"
      }
    },
    "globby": {
      "version": "11.0.4",
      "resolved": "http://npm.idcvdian.com/globby/download/globby-11.0.4.tgz",
      "integrity": "sha1-LLr/d8Lypi5x6bKBOme5ejowAaU=",
      "dev": true,
      "requires": {
        "array-union": "^2.1.0",
        "dir-glob": "^3.0.1",
        "fast-glob": "^3.1.1",
        "ignore": "^5.1.4",
        "merge2": "^1.3.0",
        "slash": "^3.0.0"
      }
    },
    "has": {
      "version": "1.0.3",
      "resolved": "http://npm.idcvdian.com/has/download/has-1.0.3.tgz",
      "integrity": "sha1-ci18v8H2qoJB8W3YFOAR4fQeh5Y=",
      "dev": true,
      "requires": {
        "function-bind": "^1.1.1"
      }
    },
    "ignore": {
      "version": "5.1.9",
      "resolved": "http://npm.idcvdian.com/ignore/download/ignore-5.1.9.tgz",
      "integrity": "sha1-nsGly+jhRG7GDUQgBg1Dqm5zgvs=",
      "dev": true
    },
    "is-core-module": {
      "version": "2.8.0",
      "resolved": "http://npm.idcvdian.com/is-core-module/download/is-core-module-2.8.0.tgz",
      "integrity": "sha1-AyEzbD0JJeSX/Zf12VyxFKXM1Ug=",
      "dev": true,
      "requires": {
        "has": "^1.0.3"
      }
    },
    "is-extglob": {
      "version": "2.1.1",
      "resolved": "http://npm.idcvdian.com/is-extglob/download/is-extglob-2.1.1.tgz",
      "integrity": "sha1-qIwCU1eR8C7TfHahueqXc8gz+MI=",
      "dev": true
    },
    "is-glob": {
      "version": "4.0.3",
      "resolved": "http://npm.idcvdian.com/is-glob/download/is-glob-4.0.3.tgz",
      "integrity": "sha1-ZPYeQsu7LuwgcanawLKLoeZdUIQ=",
      "dev": true,
      "requires": {
        "is-extglob": "^2.1.1"
      }
    },
    "is-number": {
      "version": "7.0.0",
      "resolved": "http://npm.idcvdian.com/is-number/download/is-number-7.0.0.tgz",
      "integrity": "sha1-dTU0W4lnNNX4DE0GxQlVUnoU8Ss=",
      "dev": true
    },
    "lodash": {
      "version": "4.17.21",
      "resolved": "http://npm.idcvdian.com/lodash/download/lodash-4.17.21.tgz",
      "integrity": "sha1-Z5WRxWTDv/quhFTPCz3zcMPWkRw=",
      "dev": true
    },
    "lru-cache": {
      "version": "6.0.0",
      "resolved": "http://npm.idcvdian.com/lru-cache/download/lru-cache-6.0.0.tgz",
      "integrity": "sha1-bW/mVw69lqr5D8rR2vo7JWbbOpQ=",
      "dev": true,
      "requires": {
        "yallist": "^4.0.0"
      }
    },
    "merge2": {
      "version": "1.4.1",
      "resolved": "http://npm.idcvdian.com/merge2/download/merge2-1.4.1.tgz",
      "integrity": "sha1-Q2iJL4hekHRVpv19xVwMnUBJkK4=",
      "dev": true
    },
    "micromatch": {
      "version": "4.0.4",
      "resolved": "http://npm.idcvdian.com/micromatch/download/micromatch-4.0.4.tgz",
      "integrity": "sha1-iW1Rnf6dsl/OlM63pQCRm/iB6/k=",
      "dev": true,
      "requires": {
        "braces": "^3.0.1",
        "picomatch": "^2.2.3"
      }
    },
    "ms": {
      "version": "2.1.2",
      "resolved": "http://npm.idcvdian.com/ms/download/ms-2.1.2.tgz",
      "integrity": "sha1-0J0fNXtEP0kzgqjrPM0YOHKuYAk=",
      "dev": true
    },
    "natural-compare": {
      "version": "1.4.0",
      "resolved": "http://npm.idcvdian.com/natural-compare/download/natural-compare-1.4.0.tgz",
      "integrity": "sha1-Sr6/7tdUHywnrPspvbvRXI1bpPc=",
      "dev": true
    },
    "path-parse": {
      "version": "1.0.7",
      "resolved": "http://npm.idcvdian.com/path-parse/download/path-parse-1.0.7.tgz",
      "integrity": "sha1-+8EUtgykKzDZ2vWFjkvWi77bZzU=",
      "dev": true
    },
    "path-type": {
      "version": "4.0.0",
      "resolved": "http://npm.idcvdian.com/path-type/download/path-type-4.0.0.tgz",
      "integrity": "sha1-hO0BwKe6OAr+CdkKjBgNzZ0DBDs=",
      "dev": true
    },
    "picomatch": {
      "version": "2.3.0",
      "resolved": "http://npm.idcvdian.com/picomatch/download/picomatch-2.3.0.tgz",
      "integrity": "sha1-8fBh3o9qS/AiiS4tEoI0+5gwKXI=",
      "dev": true
    },
    "queue-microtask": {
      "version": "1.2.3",
      "resolved": "http://npm.idcvdian.com/queue-microtask/download/queue-microtask-1.2.3.tgz",
      "integrity": "sha1-SSkii7xyTfrEPg77BYyve2z7YkM=",
      "dev": true
    },
    "regexpp": {
      "version": "3.2.0",
      "resolved": "http://npm.idcvdian.com/regexpp/download/regexpp-3.2.0.tgz",
      "integrity": "sha1-BCWido2PI7rXDKS5BGH6LxIT4bI=",
      "dev": true
    },
    "resolve": {
      "version": "1.20.0",
      "resolved": "http://npm.idcvdian.com/resolve/download/resolve-1.20.0.tgz",
      "integrity": "sha1-YpoBP7P3B1XW8LeTXMHCxTeLGXU=",
      "dev": true,
      "requires": {
        "is-core-module": "^2.2.0",
        "path-parse": "^1.0.6"
      }
    },
    "reusify": {
      "version": "1.0.4",
      "resolved": "http://npm.idcvdian.com/reusify/download/reusify-1.0.4.tgz",
      "integrity": "sha1-kNo4Kx4SbvwCFG6QhFqI2xKSXXY=",
      "dev": true
    },
    "rollup": {
      "version": "2.60.0",
      "resolved": "http://npm.idcvdian.com/rollup/download/rollup-2.60.0.tgz",
      "integrity": "sha1-TuYKt73QNWdj+H1wmfQT5UYPwZM=",
      "dev": true,
      "requires": {
        "fsevents": "~2.3.2"
      }
    },
    "rollup-plugin-sourcemaps": {
      "version": "0.6.3",
      "resolved": "http://npm.idcvdian.com/rollup-plugin-sourcemaps/download/rollup-plugin-sourcemaps-0.6.3.tgz",
      "integrity": "sha1-v5ORP/4FbkFEGWB/HQJ4DX7OhO0=",
      "dev": true,
      "requires": {
        "@rollup/pluginutils": "^3.0.9",
        "source-map-resolve": "^0.6.0"
      }
    },
    "rollup-plugin-typescript": {
      "version": "1.0.1",
      "resolved": "http://npm.idcvdian.com/rollup-plugin-typescript/download/rollup-plugin-typescript-1.0.1.tgz",
      "integrity": "sha1-hlZQM7cUw9Hzq6UQqtPcUZ9wkek=",
      "dev": true,
      "requires": {
        "resolve": "^1.10.0",
        "rollup-pluginutils": "^2.5.0"
      }
    },
    "rollup-pluginutils": {
      "version": "2.8.2",
      "resolved": "http://npm.idcvdian.com/rollup-pluginutils/download/rollup-pluginutils-2.8.2.tgz",
      "integrity": "sha1-cvKvB0i1kjZNvTOJ5gDlqURKNR4=",
      "dev": true,
      "requires": {
        "estree-walker": "^0.6.1"
      }
    },
    "run-parallel": {
      "version": "1.2.0",
      "resolved": "http://npm.idcvdian.com/run-parallel/download/run-parallel-1.2.0.tgz",
      "integrity": "sha1-ZtE2jae9+SHrnZW9GpIp5/IaQ+4=",
      "dev": true,
      "requires": {
        "queue-microtask": "^1.2.2"
      }
    },
    "semver": {
      "version": "7.3.5",
      "resolved": "http://npm.idcvdian.com/semver/download/semver-7.3.5.tgz",
      "integrity": "sha1-C2Ich5NI2JmOSw5L6Us/EuYBjvc=",
      "dev": true,
      "requires": {
        "lru-cache": "^6.0.0"
      }
    },
    "slash": {
      "version": "3.0.0",
      "resolved": "http://npm.idcvdian.com/slash/download/slash-3.0.0.tgz",
      "integrity": "sha1-ZTm+hwwWWtvVJAIg2+Nh8bxNRjQ=",
      "dev": true
    },
    "source-map-resolve": {
      "version": "0.6.0",
      "resolved": "http://npm.idcvdian.com/source-map-resolve/download/source-map-resolve-0.6.0.tgz",
      "integrity": "sha1-PZ34fiNrU/FtAeWBUPx3EROOXtI=",
      "dev": true,
      "requires": {
        "atob": "^2.1.2",
        "decode-uri-component": "^0.2.0"
      }
    },
    "to-regex-range": {
      "version": "5.0.1",
      "resolved": "http://npm.idcvdian.com/to-regex-range/download/to-regex-range-5.0.1.tgz",
      "integrity": "sha1-FkjESq58jZiKMmAY7XL1tN0DkuQ=",
      "dev": true,
      "requires": {
        "is-number": "^7.0.0"
      }
    },
    "transform-vue-js": {
      "version": "0.0.3",
      "resolved": "https://registry.npmjs.org/transform-vue-js/-/transform-vue-js-0.0.3.tgz",
      "integrity": "sha512-AkUm9s2Ekc6XQ9qB3Rnw/2ck+rYoa71r+QoPym9ai7xOs500QTJMKTP7votPOd1ODzoMtT4xwJnJuVR4/0or1A==",
      "requires": {
        "vue": "^2.6.14"
      }
    },
    "tslib": {
      "version": "2.3.1",
      "resolved": "http://npm.idcvdian.com/tslib/download/tslib-2.3.1.tgz",
      "integrity": "sha1-6KM1rdXOrlGqJh0ypJAVjvBC7wE=",
      "dev": true
    },
    "tsutils": {
      "version": "3.21.0",
      "resolved": "http://npm.idcvdian.com/tsutils/download/tsutils-3.21.0.tgz",
      "integrity": "sha1-tIcX05TOpsHglpg+7Vjp1hcVtiM=",
      "dev": true,
      "requires": {
        "tslib": "^1.8.1"
      },
      "dependencies": {
        "tslib": {
          "version": "1.14.1",
          "resolved": "http://npm.idcvdian.com/tslib/download/tslib-1.14.1.tgz",
          "integrity": "sha1-zy04vcNKE0vK8QkcQfZhni9nLQA=",
          "dev": true
        }
      }
    },
    "typescript": {
      "version": "4.4.4",
      "resolved": "http://npm.idcvdian.com/typescript/download/typescript-4.4.4.tgz",
      "integrity": "sha1-LNAaGh8WBwTTEB/VpY/w+fy4Aww=",
      "dev": true
    },
    "vue": {
      "version": "2.6.14",
      "resolved": "http://npm.idcvdian.com/vue/download/vue-2.6.14.tgz",
      "integrity": "sha1-5RqlJQJQ1Wmj+606ilpofWA24jU="
    },
    "vue-eslint-parser": {
      "version": "8.0.1",
      "resolved": "http://npm.idcvdian.com/vue-eslint-parser/download/vue-eslint-parser-8.0.1.tgz",
      "integrity": "sha1-JeCLIKQUVRUx8+GfmZkC4ez0XxM=",
      "dev": true,
      "requires": {
        "debug": "^4.3.2",
        "eslint-scope": "^6.0.0",
        "eslint-visitor-keys": "^3.0.0",
        "espree": "^9.0.0",
        "esquery": "^1.4.0",
        "lodash": "^4.17.21",
        "semver": "^7.3.5"
      },
      "dependencies": {
        "eslint-scope": {
          "version": "6.0.0",
          "resolved": "http://npm.idcvdian.com/eslint-scope/download/eslint-scope-6.0.0.tgz",
          "integrity": "sha1-nPRbE8Wsjz1MUPRqUSH2Gz4xiXg=",
          "dev": true,
          "requires": {
            "esrecurse": "^4.3.0",
            "estraverse": "^5.2.0"
          }
        },
        "estraverse": {
          "version": "5.3.0",
          "resolved": "http://npm.idcvdian.com/estraverse/download/estraverse-5.3.0.tgz",
          "integrity": "sha1-LupSkHAvJquP5TcDcP+GyWXSESM=",
          "dev": true
        }
      }
    },
    "yallist": {
      "version": "4.0.0",
      "resolved": "http://npm.idcvdian.com/yallist/download/yallist-4.0.0.tgz",
      "integrity": "sha1-m7knkNnA7/7GO+c1GeEaNQGaOnI=",
      "dev": true
    }
  }
}
